
Microsoft Visual Studio Solution File, Format Version 12.00
# Visual Studio Version 17
VisualStudioVersion = 17.11.35303.130
MinimumVisualStudioVersion = 10.0.40219.1
Project("{9A19103F-16F7-4668-BE54-9A1E7A4F7556}") = "00_Biblioteca", "00_Biblioteca\00_Biblioteca.csproj", "{FBEA092B-1DD1-4C07-A881-6DECDD40C3B8}"
EndProject
Project("{9A19103F-16F7-4668-BE54-9A1E7A4F7556}") = "01_SerializarXML", "01_SerializarXML\01_SerializarXML.csproj", "{E1EAF9D3-ECB9-4C06-8029-C2265D48EAA2}"
EndProject
Project("{2150E333-8FDC-42A3-9474-1A3956D46DE8}") = "01 - Serializar-Deserializar", "01 - Serializar-Deserializar", "{AE588561-C7D1-43F0-847C-5099762D060B}"
EndProject
Project("{9A19103F-16F7-4668-BE54-9A1E7A4F7556}") = "02_DeserializarXML", "02_DeserializarXML\02_DeserializarXML.csproj", "{F13A9B1D-29A1-4772-BB40-424D5BBADFB5}"
EndProject
Project("{9A19103F-16F7-4668-BE54-9A1E7A4F7556}") = "03_SerializarJSON", "03_SerializarJSON\03_SerializarJSON.csproj", "{117AEB10-13C2-4404-A127-63B52560055C}"
EndProject
Project("{9A19103F-16F7-4668-BE54-9A1E7A4F7556}") = "04_DeserializarJSON", "04_DeserializarJSON\04_DeserializarJSON.csproj", "{30FA5625-2EF2-4B50-940D-9B0A13A1FB4C}"
EndProject
Project("{2150E333-8FDC-42A3-9474-1A3956D46DE8}") = "Topicos avancados", "Topicos avancados", "{91A7D9B9-10FA-4CCB-A490-F9D4707BE3B1}"
EndProject
Project("{9A19103F-16F7-4668-BE54-9A1E7A4F7556}") = "01_Generics", "01_Generics\01_Generics.csproj", "{96100428-C633-4763-8C6D-7C7ED4D6AD57}"
EndProject
Project("{9A19103F-16F7-4668-BE54-9A1E7A4F7556}") = "02_VarDinamic", "02_VarDinamic\02_VarDinamic.csproj", "{4A9DC780-9974-4673-92E1-1BF143FDADE0}"
EndProject
Project("{9A19103F-16F7-4668-BE54-9A1E7A4F7556}") = "03_ExtensionMethods", "03_ExtensionMethods\03_ExtensionMethods.csproj", "{39E6949E-5224-47F3-9E19-F83727770961}"
EndProject
Project("{FAE04EC0-301F-11D3-BF4B-00C04F79EFBC}") = "04_Nullable", "04_Nullable\04_Nullable.csproj", "{74120F5A-3061-4AB7-A80D-9FC8EF674450}"
EndProject
Project("{2150E333-8FDC-42A3-9474-1A3956D46DE8}") = "LINQ e LAMBDA", "LINQ e LAMBDA", "{4244C204-DEC7-4817-A80B-5E7E8C8432DA}"
EndProject
Project("{9A19103F-16F7-4668-BE54-9A1E7A4F7556}") = "01_LINQ", "01_LINQ\01_LINQ.csproj", "{3FD3E353-4C0C-4601-BBCA-76EABFDE5C87}"
EndProject
Project("{FAE04EC0-301F-11D3-BF4B-00C04F79EFBC}") = "02_LINQ", "02_LINQ\02_LINQ.csproj", "{4C117FAC-E760-423D-8445-A1C50408B194}"
EndProject
Global
	GlobalSection(SolutionConfigurationPlatforms) = preSolution
		Debug|Any CPU = Debug|Any CPU
		Release|Any CPU = Release|Any CPU
	EndGlobalSection
	GlobalSection(ProjectConfigurationPlatforms) = postSolution
		{FBEA092B-1DD1-4C07-A881-6DECDD40C3B8}.Debug|Any CPU.ActiveCfg = Debug|Any CPU
		{FBEA092B-1DD1-4C07-A881-6DECDD40C3B8}.Debug|Any CPU.Build.0 = Debug|Any CPU
		{FBEA092B-1DD1-4C07-A881-6DECDD40C3B8}.Release|Any CPU.ActiveCfg = Release|Any CPU
		{FBEA092B-1DD1-4C07-A881-6DECDD40C3B8}.Release|Any CPU.Build.0 = Release|Any CPU
		{E1EAF9D3-ECB9-4C06-8029-C2265D48EAA2}.Debug|Any CPU.ActiveCfg = Debug|Any CPU
		{E1EAF9D3-ECB9-4C06-8029-C2265D48EAA2}.Debug|Any CPU.Build.0 = Debug|Any CPU
		{E1EAF9D3-ECB9-4C06-8029-C2265D48EAA2}.Release|Any CPU.ActiveCfg = Release|Any CPU
		{E1EAF9D3-ECB9-4C06-8029-C2265D48EAA2}.Release|Any CPU.Build.0 = Release|Any CPU
		{F13A9B1D-29A1-4772-BB40-424D5BBADFB5}.Debug|Any CPU.ActiveCfg = Debug|Any CPU
		{F13A9B1D-29A1-4772-BB40-424D5BBADFB5}.Debug|Any CPU.Build.0 = Debug|Any CPU
		{F13A9B1D-29A1-4772-BB40-424D5BBADFB5}.Release|Any CPU.ActiveCfg = Release|Any CPU
		{F13A9B1D-29A1-4772-BB40-424D5BBADFB5}.Release|Any CPU.Build.0 = Release|Any CPU
		{117AEB10-13C2-4404-A127-63B52560055C}.Debug|Any CPU.ActiveCfg = Debug|Any CPU
		{117AEB10-13C2-4404-A127-63B52560055C}.Debug|Any CPU.Build.0 = Debug|Any CPU
		{117AEB10-13C2-4404-A127-63B52560055C}.Release|Any CPU.ActiveCfg = Release|Any CPU
		{117AEB10-13C2-4404-A127-63B52560055C}.Release|Any CPU.Build.0 = Release|Any CPU
		{30FA5625-2EF2-4B50-940D-9B0A13A1FB4C}.Debug|Any CPU.ActiveCfg = Debug|Any CPU
		{30FA5625-2EF2-4B50-940D-9B0A13A1FB4C}.Debug|Any CPU.Build.0 = Debug|Any CPU
		{30FA5625-2EF2-4B50-940D-9B0A13A1FB4C}.Release|Any CPU.ActiveCfg = Release|Any CPU
		{30FA5625-2EF2-4B50-940D-9B0A13A1FB4C}.Release|Any CPU.Build.0 = Release|Any CPU
		{96100428-C633-4763-8C6D-7C7ED4D6AD57}.Debug|Any CPU.ActiveCfg = Debug|Any CPU
		{96100428-C633-4763-8C6D-7C7ED4D6AD57}.Debug|Any CPU.Build.0 = Debug|Any CPU
		{96100428-C633-4763-8C6D-7C7ED4D6AD57}.Release|Any CPU.ActiveCfg = Release|Any CPU
		{96100428-C633-4763-8C6D-7C7ED4D6AD57}.Release|Any CPU.Build.0 = Release|Any CPU
		{4A9DC780-9974-4673-92E1-1BF143FDADE0}.Debug|Any CPU.ActiveCfg = Debug|Any CPU
		{4A9DC780-9974-4673-92E1-1BF143FDADE0}.Debug|Any CPU.Build.0 = Debug|Any CPU
		{4A9DC780-9974-4673-92E1-1BF143FDADE0}.Release|Any CPU.ActiveCfg = Release|Any CPU
		{4A9DC780-9974-4673-92E1-1BF143FDADE0}.Release|Any CPU.Build.0 = Release|Any CPU
		{39E6949E-5224-47F3-9E19-F83727770961}.Debug|Any CPU.ActiveCfg = Debug|Any CPU
		{39E6949E-5224-47F3-9E19-F83727770961}.Debug|Any CPU.Build.0 = Debug|Any CPU
		{39E6949E-5224-47F3-9E19-F83727770961}.Release|Any CPU.ActiveCfg = Release|Any CPU
		{39E6949E-5224-47F3-9E19-F83727770961}.Release|Any CPU.Build.0 = Release|Any CPU
		{74120F5A-3061-4AB7-A80D-9FC8EF674450}.Debug|Any CPU.ActiveCfg = Debug|Any CPU
		{74120F5A-3061-4AB7-A80D-9FC8EF674450}.Debug|Any CPU.Build.0 = Debug|Any CPU
		{74120F5A-3061-4AB7-A80D-9FC8EF674450}.Release|Any CPU.ActiveCfg = Release|Any CPU
		{74120F5A-3061-4AB7-A80D-9FC8EF674450}.Release|Any CPU.Build.0 = Release|Any CPU
		{3FD3E353-4C0C-4601-BBCA-76EABFDE5C87}.Debug|Any CPU.ActiveCfg = Debug|Any CPU
		{3FD3E353-4C0C-4601-BBCA-76EABFDE5C87}.Debug|Any CPU.Build.0 = Debug|Any CPU
		{3FD3E353-4C0C-4601-BBCA-76EABFDE5C87}.Release|Any CPU.ActiveCfg = Release|Any CPU
		{3FD3E353-4C0C-4601-BBCA-76EABFDE5C87}.Release|Any CPU.Build.0 = Release|Any CPU
		{4C117FAC-E760-423D-8445-A1C50408B194}.Debug|Any CPU.ActiveCfg = Debug|Any CPU
		{4C117FAC-E760-423D-8445-A1C50408B194}.Debug|Any CPU.Build.0 = Debug|Any CPU
		{4C117FAC-E760-423D-8445-A1C50408B194}.Release|Any CPU.ActiveCfg = Release|Any CPU
		{4C117FAC-E760-423D-8445-A1C50408B194}.Release|Any CPU.Build.0 = Release|Any CPU
	EndGlobalSection
	GlobalSection(SolutionProperties) = preSolution
		HideSolutionNode = FALSE
	EndGlobalSection
	GlobalSection(NestedProjects) = preSolution
		{FBEA092B-1DD1-4C07-A881-6DECDD40C3B8} = {AE588561-C7D1-43F0-847C-5099762D060B}
		{E1EAF9D3-ECB9-4C06-8029-C2265D48EAA2} = {AE588561-C7D1-43F0-847C-5099762D060B}
		{F13A9B1D-29A1-4772-BB40-424D5BBADFB5} = {AE588561-C7D1-43F0-847C-5099762D060B}
		{117AEB10-13C2-4404-A127-63B52560055C} = {AE588561-C7D1-43F0-847C-5099762D060B}
		{30FA5625-2EF2-4B50-940D-9B0A13A1FB4C} = {AE588561-C7D1-43F0-847C-5099762D060B}
		{96100428-C633-4763-8C6D-7C7ED4D6AD57} = {91A7D9B9-10FA-4CCB-A490-F9D4707BE3B1}
		{4A9DC780-9974-4673-92E1-1BF143FDADE0} = {91A7D9B9-10FA-4CCB-A490-F9D4707BE3B1}
		{39E6949E-5224-47F3-9E19-F83727770961} = {91A7D9B9-10FA-4CCB-A490-F9D4707BE3B1}
		{74120F5A-3061-4AB7-A80D-9FC8EF674450} = {91A7D9B9-10FA-4CCB-A490-F9D4707BE3B1}
		{3FD3E353-4C0C-4601-BBCA-76EABFDE5C87} = {4244C204-DEC7-4817-A80B-5E7E8C8432DA}
		{4C117FAC-E760-423D-8445-A1C50408B194} = {4244C204-DEC7-4817-A80B-5E7E8C8432DA}
	EndGlobalSection
	GlobalSection(ExtensibilityGlobals) = postSolution
		SolutionGuid = {CD2E075F-B1ED-4686-A726-756E1BA7DD8D}
	EndGlobalSection
EndGlobal
